
Microsoft Visual Studio Solution File, Format Version 12.00
# Visual Studio 15
Project("{FAE04EC0-301F-11D3-BF4B-00C04F79EFBC}") = "Unity.MemoryProfiler.Editor", "Unity.MemoryProfiler.Editor.csproj", "{3E01167E-9D1C-6CF7-8C50-D450ED258ADA}"
EndProject
Project("{FAE04EC0-301F-11D3-BF4B-00C04F79EFBC}") = "Unity.Timeline", "Unity.Timeline.csproj", "{F2DA98D3-C722-85F0-6613-BA4DA12C57E0}"
EndProject
Project("{FAE04EC0-301F-11D3-BF4B-00C04F79EFBC}") = "Unity.Timeline.Editor", "Unity.Timeline.Editor.csproj", "{EBD33CDE-4DF3-33E0-C04B-C4BE67D1858D}"
EndProject
Project("{FAE04EC0-301F-11D3-BF4B-00C04F79EFBC}") = "Unity.InputSystem", "Unity.InputSystem.csproj", "{026FF16E-FD17-9A46-469F-35AF97277B86}"
EndProject
Project("{FAE04EC0-301F-11D3-BF4B-00C04F79EFBC}") = "Unity.ShaderGraph.Editor", "Unity.ShaderGraph.Editor.csproj", "{B3A5CD6C-2E43-0CA3-126D-49E1026356EF}"
EndProject
Project("{FAE04EC0-301F-11D3-BF4B-00C04F79EFBC}") = "Unity.RenderPipelines.Universal.Editor", "Unity.RenderPipelines.Universal.Editor.csproj", "{D89BBD63-FC35-2BD0-E4E8-FEB24BDCE4E0}"
EndProject
Project("{FAE04EC0-301F-11D3-BF4B-00C04F79EFBC}") = "Unity.TextMeshPro.Editor", "Unity.TextMeshPro.Editor.csproj", "{F96DF8FC-CB9E-D6ED-295E-148A9CFD2D36}"
EndProject
Project("{FAE04EC0-301F-11D3-BF4B-00C04F79EFBC}") = "Unity.RenderPipelines.Universal.Runtime", "Unity.RenderPipelines.Universal.Runtime.csproj", "{E9492795-5057-64BC-5624-1DDFDD12CE9D}"
EndProject
Project("{FAE04EC0-301F-11D3-BF4B-00C04F79EFBC}") = "Unity.Tutorials.Core.Editor", "Unity.Tutorials.Core.Editor.csproj", "{931A915B-693D-DB03-1B52-418BE72EC435}"
EndProject
Project("{FAE04EC0-301F-11D3-BF4B-00C04F79EFBC}") = "UnityEditor.UI", "UnityEditor.UI.csproj", "{D911650F-59C0-9B47-80D7-A0F98788C3D3}"
EndProject
Project("{FAE04EC0-301F-11D3-BF4B-00C04F79EFBC}") = "Unity.RenderPipelines.Core.Runtime", "Unity.RenderPipelines.Core.Runtime.csproj", "{54CF96C8-CA52-AD0E-42F8-204463C17097}"
EndProject
Project("{FAE04EC0-301F-11D3-BF4B-00C04F79EFBC}") = "Unity.Splines.Editor", "Unity.Splines.Editor.csproj", "{E25B4AC3-74AB-FBB1-3711-776E7D260B4E}"
EndProject
Project("{FAE04EC0-301F-11D3-BF4B-00C04F79EFBC}") = "Unity.Mathematics", "Unity.Mathematics.csproj", "{8D6C4545-21D4-69A2-BD57-32A82EA10D01}"
EndProject
Project("{FAE04EC0-301F-11D3-BF4B-00C04F79EFBC}") = "Unity.RenderPipelines.Core.Editor", "Unity.RenderPipelines.Core.Editor.csproj", "{A709E548-A996-3312-FAC2-44492035E75D}"
EndProject
Project("{FAE04EC0-301F-11D3-BF4B-00C04F79EFBC}") = "Cinemachine", "Cinemachine.csproj", "{BAE00542-5B46-FF4D-3D46-596655BC853D}"
EndProject
Project("{FAE04EC0-301F-11D3-BF4B-00C04F79EFBC}") = "UnityEditor.TestRunner", "UnityEditor.TestRunner.csproj", "{B5677856-DE49-AB8C-68FD-5A9F5D54B03E}"
EndProject
Project("{FAE04EC0-301F-11D3-BF4B-00C04F79EFBC}") = "UnityEngine.TestRunner", "UnityEngine.TestRunner.csproj", "{281B7C96-C70A-81F7-A386-3BE113634CF0}"
EndProject
Project("{FAE04EC0-301F-11D3-BF4B-00C04F79EFBC}") = "Unity.Splines", "Unity.Splines.csproj", "{1955062F-8BFF-5E42-6FF8-6EEAD4F405A9}"
EndProject
Project("{FAE04EC0-301F-11D3-BF4B-00C04F79EFBC}") = "Unity.Recorder.Editor", "Unity.Recorder.Editor.csproj", "{AB50ACDD-39A2-9070-F3F0-663BA836F852}"
EndProject
Project("{FAE04EC0-301F-11D3-BF4B-00C04F79EFBC}") = "Assembly-CSharp", "Assembly-CSharp.csproj", "{9A804367-AED6-4247-22D0-E98551483E44}"
EndProject
Project("{FAE04EC0-301F-11D3-BF4B-00C04F79EFBC}") = "Unity.Searcher.Editor", "Unity.Searcher.Editor.csproj", "{B8729E9C-149B-3820-C8C1-1098D1C9880B}"
EndProject
Project("{FAE04EC0-301F-11D3-BF4B-00C04F79EFBC}") = "Unity.Burst", "Unity.Burst.csproj", "{A8A08033-ADA6-8C38-F9BD-90910F86ACAF}"
EndProject
Project("{FAE04EC0-301F-11D3-BF4B-00C04F79EFBC}") = "UnityEngine.UI", "UnityEngine.UI.csproj", "{4303B86F-D7AF-02FB-27FA-59EABC968D84}"
EndProject
Project("{FAE04EC0-301F-11D3-BF4B-00C04F79EFBC}") = "Unity.Collections", "Unity.Collections.csproj", "{5C8F693E-A547-7E5B-EF90-907B437B79A4}"
EndProject
Project("{FAE04EC0-301F-11D3-BF4B-00C04F79EFBC}") = "Unity.VisualStudio.Editor", "Unity.VisualStudio.Editor.csproj", "{EE5C9830-915E-79B0-2DA1-D8853E7D30FD}"
EndProject
Project("{FAE04EC0-301F-11D3-BF4B-00C04F79EFBC}") = "com.unity.cinemachine.editor", "com.unity.cinemachine.editor.csproj", "{E6DB69F4-C2A9-AD48-47EB-C1EC7184D998}"
EndProject
Project("{FAE04EC0-301F-11D3-BF4B-00C04F79EFBC}") = "PPv2URPConverters", "PPv2URPConverters.csproj", "{7C9B517C-0EE4-B7DA-22CC-4B8676154E2F}"
EndProject
Project("{FAE04EC0-301F-11D3-BF4B-00C04F79EFBC}") = "Unity.InternalAPIEditorBridge.007", "Unity.InternalAPIEditorBridge.007.csproj", "{3585C3CD-0E58-E01E-9006-C5DC0F068F29}"
EndProject
Project("{FAE04EC0-301F-11D3-BF4B-00C04F79EFBC}") = "Unity.Rider.Editor", "Unity.Rider.Editor.csproj", "{3A8EA317-E211-030D-5F0F-1A30CFD3A292}"
EndProject
Project("{FAE04EC0-301F-11D3-BF4B-00C04F79EFBC}") = "Unity.RenderPipelines.Universal.Editor.Tests", "Unity.RenderPipelines.Universal.Editor.Tests.csproj", "{13FEB230-85A5-7F27-59D1-585BE660805D}"
EndProject
Project("{FAE04EC0-301F-11D3-BF4B-00C04F79EFBC}") = "Unity.Burst.CodeGen", "Unity.Burst.CodeGen.csproj", "{B349C089-BCCB-FAB3-778E-3461F1131CCD}"
EndProject
Project("{FAE04EC0-301F-11D3-BF4B-00C04F79EFBC}") = "Unity.RenderPipeline.Universal.ShaderLibrary", "Unity.RenderPipeline.Universal.ShaderLibrary.csproj", "{3AE086C2-8965-568D-3AF3-046075A49CC2}"
EndProject
Project("{FAE04EC0-301F-11D3-BF4B-00C04F79EFBC}") = "Unity.TextMeshPro", "Unity.TextMeshPro.csproj", "{48D7DBE4-A3C2-F56E-1E56-3211CAAFC808}"
EndProject
Project("{FAE04EC0-301F-11D3-BF4B-00C04F79EFBC}") = "Unity.RenderPipelines.Core.Editor.Tests", "Unity.RenderPipelines.Core.Editor.Tests.csproj", "{3F44332F-3689-725D-906B-A453D276DA0A}"
EndProject
Project("{FAE04EC0-301F-11D3-BF4B-00C04F79EFBC}") = "Unity.InputSystem.TestFramework", "Unity.InputSystem.TestFramework.csproj", "{E981435A-7207-AD0F-13E1-37741899B558}"
EndProject
Project("{FAE04EC0-301F-11D3-BF4B-00C04F79EFBC}") = "Unity.VSCode.Editor", "Unity.VSCode.Editor.csproj", "{3FEA1F81-8D2E-391F-545F-FE6BB78AA133}"
EndProject
Project("{FAE04EC0-301F-11D3-BF4B-00C04F79EFBC}") = "Unity.Burst.Editor", "Unity.Burst.Editor.csproj", "{EE268F79-E009-7818-D41B-7520080BB70F}"
EndProject
Project("{FAE04EC0-301F-11D3-BF4B-00C04F79EFBC}") = "Assembly-CSharp-Editor", "Assembly-CSharp-Editor.csproj", "{F34A3BD4-EB9D-BECB-D5F8-259A2DF7AF6A}"
EndProject
Project("{FAE04EC0-301F-11D3-BF4B-00C04F79EFBC}") = "Unity.RenderPipelines.Universal.2D.Internal", "Unity.RenderPipelines.Universal.2D.Internal.csproj", "{C30BDF30-6FC9-9F7A-7DF3-8385F3063734}"
EndProject
Project("{FAE04EC0-301F-11D3-BF4B-00C04F79EFBC}") = "Unity.Settings.Editor", "Unity.Settings.Editor.csproj", "{6EC97B0C-B236-2E35-3395-198920F814AE}"
EndProject
Project("{FAE04EC0-301F-11D3-BF4B-00C04F79EFBC}") = "Unity.InternalAPIEngineBridge.007", "Unity.InternalAPIEngineBridge.007.csproj", "{8FB504FD-F38C-F714-844A-0138C6861FD8}"
EndProject
Project("{FAE04EC0-301F-11D3-BF4B-00C04F79EFBC}") = "Unity.MemoryProfiler.Editor.MemoryProfilerModule", "Unity.MemoryProfiler.Editor.MemoryProfilerModule.csproj", "{E621E602-A9DF-FA1D-D07A-63464DFA0222}"
EndProject
Project("{FAE04EC0-301F-11D3-BF4B-00C04F79EFBC}") = "Unity.InputSystem.DocCodeSamples", "Unity.InputSystem.DocCodeSamples.csproj", "{F907A408-0C93-DA8B-C72D-03D7D9B839AC}"
EndProject
Project("{FAE04EC0-301F-11D3-BF4B-00C04F79EFBC}") = "Unity.Recorder", "Unity.Recorder.csproj", "{28F7B427-0902-4316-1D1F-5CD01863ADC0}"
EndProject
Project("{FAE04EC0-301F-11D3-BF4B-00C04F79EFBC}") = "Unity.Profiling.Core", "Unity.Profiling.Core.csproj", "{D7B529CC-583E-8F61-3946-2ECF2D821454}"
EndProject
Project("{FAE04EC0-301F-11D3-BF4B-00C04F79EFBC}") = "Unity.ShaderGraph.Utilities", "Unity.ShaderGraph.Utilities.csproj", "{C54406E3-511E-D587-3B99-E7EA4D3B5FEF}"
EndProject
Project("{FAE04EC0-301F-11D3-BF4B-00C04F79EFBC}") = "Unity.RenderPipelines.Universal.Runtime.Tests", "Unity.RenderPipelines.Universal.Runtime.Tests.csproj", "{25DE8A04-9442-D578-89DA-EAF024963E67}"
EndProject
Project("{FAE04EC0-301F-11D3-BF4B-00C04F79EFBC}") = "Unity.RenderPipelines.Core.Runtime.Tests", "Unity.RenderPipelines.Core.Runtime.Tests.csproj", "{ABF2758F-6706-74D1-B334-0C7C05825F5C}"
EndProject
Project("{FAE04EC0-301F-11D3-BF4B-00C04F79EFBC}") = "Unity.InputSystem.ForUI", "Unity.InputSystem.ForUI.csproj", "{4D4CF09D-C04B-0D3F-5D54-3E8D374B7D77}"
EndProject
Project("{FAE04EC0-301F-11D3-BF4B-00C04F79EFBC}") = "Unity.MemoryProfiler", "Unity.MemoryProfiler.csproj", "{8E53BE42-93C3-5447-911B-B29FA93C0467}"
EndProject
Project("{FAE04EC0-301F-11D3-BF4B-00C04F79EFBC}") = "Unity.EditorCoroutines.Editor", "Unity.EditorCoroutines.Editor.csproj", "{89151CF0-1495-6799-7A47-FBEA619BE001}"
EndProject
Project("{FAE04EC0-301F-11D3-BF4B-00C04F79EFBC}") = "Unity.Mathematics.Editor", "Unity.Mathematics.Editor.csproj", "{800D66B6-8EBB-D7C5-4089-FC0E6EC45060}"
EndProject
Project("{FAE04EC0-301F-11D3-BF4B-00C04F79EFBC}") = "Unity.Tutorials.Core", "Unity.Tutorials.Core.csproj", "{B82527E9-AD67-2888-61BC-00C3845B4ADA}"
EndProject
Project("{FAE04EC0-301F-11D3-BF4B-00C04F79EFBC}") = "Unity.Collections.BurstCompatibilityGen", "Unity.Collections.BurstCompatibilityGen.csproj", "{3C2DDD0C-9CD1-199D-C4C7-97BAF140B5F8}"
EndProject
Project("{FAE04EC0-301F-11D3-BF4B-00C04F79EFBC}") = "Unity.Recorder.Base", "Unity.Recorder.Base.csproj", "{FE67BE7F-2093-FE2F-EFBC-7068A72590FB}"
EndProject
Project("{FAE04EC0-301F-11D3-BF4B-00C04F79EFBC}") = "Unity.Collections.DocCodeSamples", "Unity.Collections.DocCodeSamples.csproj", "{93716D5D-9178-5972-D23B-D9A4147FC121}"
EndProject
Project("{FAE04EC0-301F-11D3-BF4B-00C04F79EFBC}") = "Unity.RenderPipelines.Universal.Config.Runtime", "Unity.RenderPipelines.Universal.Config.Runtime.csproj", "{76CB6DD8-4037-CAC6-EBC4-9A5486684E3B}"
EndProject
Project("{FAE04EC0-301F-11D3-BF4B-00C04F79EFBC}") = "Unity.RenderPipelines.Universal.Config.Editor.Tests", "Unity.RenderPipelines.Universal.Config.Editor.Tests.csproj", "{27BBD07B-AFFA-9EE4-636A-0B17AFFFEFA9}"
EndProject
Project("{FAE04EC0-301F-11D3-BF4B-00C04F79EFBC}") = "Unity.RenderPipelines.ShaderGraph.ShaderGraphLibrary", "Unity.RenderPipelines.ShaderGraph.ShaderGraphLibrary.csproj", "{8BA2C43B-116C-664F-EAD7-67EE2596DAC0}"
EndProject
Project("{FAE04EC0-301F-11D3-BF4B-00C04F79EFBC}") = "Unity.RenderPipelines.Core.ShaderLibrary", "Unity.RenderPipelines.Core.ShaderLibrary.csproj", "{AAFE1B5F-4FFC-B34C-DE61-7019D1130432}"
EndProject
Project("{FAE04EC0-301F-11D3-BF4B-00C04F79EFBC}") = "Unity.RenderPipelines.Universal.Shaders", "Unity.RenderPipelines.Universal.Shaders.csproj", "{4013BFE1-BAF0-6BE8-0384-15AEF0F2FF9D}"
EndProject
Project("{FAE04EC0-301F-11D3-BF4B-00C04F79EFBC}") = "Unity.Timeline", "Unity.Timeline.Player.csproj", "{BB132C8C-1217-2913-3381-8C2543D3B51C}"
EndProject
Project("{FAE04EC0-301F-11D3-BF4B-00C04F79EFBC}") = "Unity.InputSystem", "Unity.InputSystem.Player.csproj", "{B1CA977D-80BF-6308-3C25-F35F772DADD3}"
EndProject
Project("{FAE04EC0-301F-11D3-BF4B-00C04F79EFBC}") = "Unity.RenderPipelines.Universal.Runtime", "Unity.RenderPipelines.Universal.Runtime.Player.csproj", "{0363502D-4783-7E74-1F63-E33FBE2E7A1A}"
EndProject
Project("{FAE04EC0-301F-11D3-BF4B-00C04F79EFBC}") = "Unity.RenderPipelines.Core.Runtime", "Unity.RenderPipelines.Core.Runtime.Player.csproj", "{A7337AAD-C1C1-6DC3-7BDD-129D7959F913}"
EndProject
Project("{FAE04EC0-301F-11D3-BF4B-00C04F79EFBC}") = "Unity.Mathematics", "Unity.Mathematics.Player.csproj", "{6F4DE89A-75BE-879C-0D9E-08936958378D}"
EndProject
Project("{FAE04EC0-301F-11D3-BF4B-00C04F79EFBC}") = "Cinemachine", "Cinemachine.Player.csproj", "{C28C6946-8BAD-8ED4-21A4-51D8B74CCBD0}"
EndProject
Project("{FAE04EC0-301F-11D3-BF4B-00C04F79EFBC}") = "UnityEngine.TestRunner", "UnityEngine.TestRunner.Player.csproj", "{067C51BC-3B60-F2B0-DB3E-AF72042222F4}"
EndProject
Project("{FAE04EC0-301F-11D3-BF4B-00C04F79EFBC}") = "Unity.Splines", "Unity.Splines.Player.csproj", "{7470BD2C-1A5D-5BE6-29C7-24D3ED4D97FA}"
EndProject
Project("{FAE04EC0-301F-11D3-BF4B-00C04F79EFBC}") = "Assembly-CSharp", "Assembly-CSharp.Player.csproj", "{84ABC74F-9D78-7025-46FF-08309258AE31}"
EndProject
Project("{FAE04EC0-301F-11D3-BF4B-00C04F79EFBC}") = "Unity.Burst", "Unity.Burst.Player.csproj", "{7E2DA1D3-5EB6-7962-EBC1-7F3747371865}"
EndProject
Project("{FAE04EC0-301F-11D3-BF4B-00C04F79EFBC}") = "UnityEngine.UI", "UnityEngine.UI.Player.csproj", "{9BA9D07F-988A-B16D-2001-FFFB04610FA9}"
EndProject
Project("{FAE04EC0-301F-11D3-BF4B-00C04F79EFBC}") = "Unity.Collections", "Unity.Collections.Player.csproj", "{D54B0417-4AA1-5DA8-4B60-A1D5B1B9CCFF}"
EndProject
Project("{FAE04EC0-301F-11D3-BF4B-00C04F79EFBC}") = "Unity.RenderPipeline.Universal.ShaderLibrary", "Unity.RenderPipeline.Universal.ShaderLibrary.Player.csproj", "{56ABCF37-D12E-AF8E-4090-8A871A7E2903}"
EndProject
Project("{FAE04EC0-301F-11D3-BF4B-00C04F79EFBC}") = "Unity.TextMeshPro", "Unity.TextMeshPro.Player.csproj", "{A1A30E55-6896-E653-034D-16672180D17D}"
EndProject
Project("{FAE04EC0-301F-11D3-BF4B-00C04F79EFBC}") = "Unity.InputSystem.TestFramework", "Unity.InputSystem.TestFramework.Player.csproj", "{4240D5EC-76D1-05A5-FB04-220C0B49A291}"
EndProject
Project("{FAE04EC0-301F-11D3-BF4B-00C04F79EFBC}") = "Unity.RenderPipelines.Universal.2D.Internal", "Unity.RenderPipelines.Universal.2D.Internal.Player.csproj", "{7A87F593-68D7-15F4-7AA7-6BF5C0EB9C1D}"
EndProject
Project("{FAE04EC0-301F-11D3-BF4B-00C04F79EFBC}") = "Unity.Recorder", "Unity.Recorder.Player.csproj", "{2F42AEDA-FD5D-758A-799A-8E5FB9F2E0A5}"
EndProject
Project("{FAE04EC0-301F-11D3-BF4B-00C04F79EFBC}") = "Unity.Profiling.Core", "Unity.Profiling.Core.Player.csproj", "{AA51A35A-2378-DFC4-E5BF-AA4F2E2D9FF7}"
EndProject
Project("{FAE04EC0-301F-11D3-BF4B-00C04F79EFBC}") = "Unity.RenderPipelines.Universal.Runtime.Tests", "Unity.RenderPipelines.Universal.Runtime.Tests.Player.csproj", "{67DC3E47-2996-06C8-758C-59CB3C0B8F14}"
EndProject
Project("{FAE04EC0-301F-11D3-BF4B-00C04F79EFBC}") = "Unity.RenderPipelines.Core.Runtime.Tests", "Unity.RenderPipelines.Core.Runtime.Tests.Player.csproj", "{0247DFA7-0D60-6056-F7EF-1EA38120E1EB}"
EndProject
Project("{FAE04EC0-301F-11D3-BF4B-00C04F79EFBC}") = "Unity.InputSystem.ForUI", "Unity.InputSystem.ForUI.Player.csproj", "{69B7C9AF-F156-86CF-FB2F-B58D2724455F}"
EndProject
Project("{FAE04EC0-301F-11D3-BF4B-00C04F79EFBC}") = "Unity.MemoryProfiler", "Unity.MemoryProfiler.Player.csproj", "{1F032978-3896-F537-6290-07E1738D845B}"
EndProject
Project("{FAE04EC0-301F-11D3-BF4B-00C04F79EFBC}") = "Unity.Tutorials.Core", "Unity.Tutorials.Core.Player.csproj", "{23DA806A-3F4D-6968-B5E9-0AFAD04E1F4F}"
EndProject
Project("{FAE04EC0-301F-11D3-BF4B-00C04F79EFBC}") = "Unity.Recorder.Base", "Unity.Recorder.Base.Player.csproj", "{005735E3-0835-F399-04E4-43DBD30FC8F7}"
EndProject
Project("{FAE04EC0-301F-11D3-BF4B-00C04F79EFBC}") = "Unity.RenderPipelines.Universal.Config.Runtime", "Unity.RenderPipelines.Universal.Config.Runtime.Player.csproj", "{9B4B5DE4-A922-12D9-FE0A-3BF89D7F93E3}"
EndProject
Project("{FAE04EC0-301F-11D3-BF4B-00C04F79EFBC}") = "Unity.RenderPipelines.ShaderGraph.ShaderGraphLibrary", "Unity.RenderPipelines.ShaderGraph.ShaderGraphLibrary.Player.csproj", "{56DB19A5-012A-0774-3C0E-5D6444D956EC}"
EndProject
Project("{FAE04EC0-301F-11D3-BF4B-00C04F79EFBC}") = "Unity.RenderPipelines.Core.ShaderLibrary", "Unity.RenderPipelines.Core.ShaderLibrary.Player.csproj", "{6D1CE9C2-5017-8851-E087-926682A34C31}"
EndProject
Project("{FAE04EC0-301F-11D3-BF4B-00C04F79EFBC}") = "Unity.RenderPipelines.Universal.Shaders", "Unity.RenderPipelines.Universal.Shaders.Player.csproj", "{7211D90C-EB83-39B9-6684-EFE6C373BC73}"
EndProject
Global
	GlobalSection(SolutionConfigurationPlatforms) = preSolution
		Debug|Any CPU = Debug|Any CPU
		Release|Any CPU = Release|Any CPU
	EndGlobalSection
	GlobalSection(ProjectConfigurationPlatforms) = postSolution
		{3E01167E-9D1C-6CF7-8C50-D450ED258ADA}.Debug|Any CPU.ActiveCfg = Debug|Any CPU
		{3E01167E-9D1C-6CF7-8C50-D450ED258ADA}.Debug|Any CPU.Build.0 = Debug|Any CPU
		{3E01167E-9D1C-6CF7-8C50-D450ED258ADA}.Release|Any CPU.ActiveCfg = Release|Any CPU
		{3E01167E-9D1C-6CF7-8C50-D450ED258ADA}.Release|Any CPU.Build.0 = Release|Any CPU
		{F2DA98D3-C722-85F0-6613-BA4DA12C57E0}.Debug|Any CPU.ActiveCfg = Debug|Any CPU
		{F2DA98D3-C722-85F0-6613-BA4DA12C57E0}.Debug|Any CPU.Build.0 = Debug|Any CPU
		{F2DA98D3-C722-85F0-6613-BA4DA12C57E0}.Release|Any CPU.ActiveCfg = Release|Any CPU
		{F2DA98D3-C722-85F0-6613-BA4DA12C57E0}.Release|Any CPU.Build.0 = Release|Any CPU
		{EBD33CDE-4DF3-33E0-C04B-C4BE67D1858D}.Debug|Any CPU.ActiveCfg = Debug|Any CPU
		{EBD33CDE-4DF3-33E0-C04B-C4BE67D1858D}.Debug|Any CPU.Build.0 = Debug|Any CPU
		{EBD33CDE-4DF3-33E0-C04B-C4BE67D1858D}.Release|Any CPU.ActiveCfg = Release|Any CPU
		{EBD33CDE-4DF3-33E0-C04B-C4BE67D1858D}.Release|Any CPU.Build.0 = Release|Any CPU
		{026FF16E-FD17-9A46-469F-35AF97277B86}.Debug|Any CPU.ActiveCfg = Debug|Any CPU
		{026FF16E-FD17-9A46-469F-35AF97277B86}.Debug|Any CPU.Build.0 = Debug|Any CPU
		{026FF16E-FD17-9A46-469F-35AF97277B86}.Release|Any CPU.ActiveCfg = Release|Any CPU
		{026FF16E-FD17-9A46-469F-35AF97277B86}.Release|Any CPU.Build.0 = Release|Any CPU
		{B3A5CD6C-2E43-0CA3-126D-49E1026356EF}.Debug|Any CPU.ActiveCfg = Debug|Any CPU
		{B3A5CD6C-2E43-0CA3-126D-49E1026356EF}.Debug|Any CPU.Build.0 = Debug|Any CPU
		{B3A5CD6C-2E43-0CA3-126D-49E1026356EF}.Release|Any CPU.ActiveCfg = Release|Any CPU
		{B3A5CD6C-2E43-0CA3-126D-49E1026356EF}.Release|Any CPU.Build.0 = Release|Any CPU
		{D89BBD63-FC35-2BD0-E4E8-FEB24BDCE4E0}.Debug|Any CPU.ActiveCfg = Debug|Any CPU
		{D89BBD63-FC35-2BD0-E4E8-FEB24BDCE4E0}.Debug|Any CPU.Build.0 = Debug|Any CPU
		{D89BBD63-FC35-2BD0-E4E8-FEB24BDCE4E0}.Release|Any CPU.ActiveCfg = Release|Any CPU
		{D89BBD63-FC35-2BD0-E4E8-FEB24BDCE4E0}.Release|Any CPU.Build.0 = Release|Any CPU
		{F96DF8FC-CB9E-D6ED-295E-148A9CFD2D36}.Debug|Any CPU.ActiveCfg = Debug|Any CPU
		{F96DF8FC-CB9E-D6ED-295E-148A9CFD2D36}.Debug|Any CPU.Build.0 = Debug|Any CPU
		{F96DF8FC-CB9E-D6ED-295E-148A9CFD2D36}.Release|Any CPU.ActiveCfg = Release|Any CPU
		{F96DF8FC-CB9E-D6ED-295E-148A9CFD2D36}.Release|Any CPU.Build.0 = Release|Any CPU
		{E9492795-5057-64BC-5624-1DDFDD12CE9D}.Debug|Any CPU.ActiveCfg = Debug|Any CPU
		{E9492795-5057-64BC-5624-1DDFDD12CE9D}.Debug|Any CPU.Build.0 = Debug|Any CPU
		{E9492795-5057-64BC-5624-1DDFDD12CE9D}.Release|Any CPU.ActiveCfg = Release|Any CPU
		{E9492795-5057-64BC-5624-1DDFDD12CE9D}.Release|Any CPU.Build.0 = Release|Any CPU
		{931A915B-693D-DB03-1B52-418BE72EC435}.Debug|Any CPU.ActiveCfg = Debug|Any CPU
		{931A915B-693D-DB03-1B52-418BE72EC435}.Debug|Any CPU.Build.0 = Debug|Any CPU
		{931A915B-693D-DB03-1B52-418BE72EC435}.Release|Any CPU.ActiveCfg = Release|Any CPU
		{931A915B-693D-DB03-1B52-418BE72EC435}.Release|Any CPU.Build.0 = Release|Any CPU
		{D911650F-59C0-9B47-80D7-A0F98788C3D3}.Debug|Any CPU.ActiveCfg = Debug|Any CPU
		{D911650F-59C0-9B47-80D7-A0F98788C3D3}.Debug|Any CPU.Build.0 = Debug|Any CPU
		{D911650F-59C0-9B47-80D7-A0F98788C3D3}.Release|Any CPU.ActiveCfg = Release|Any CPU
		{D911650F-59C0-9B47-80D7-A0F98788C3D3}.Release|Any CPU.Build.0 = Release|Any CPU
		{54CF96C8-CA52-AD0E-42F8-204463C17097}.Debug|Any CPU.ActiveCfg = Debug|Any CPU
		{54CF96C8-CA52-AD0E-42F8-204463C17097}.Debug|Any CPU.Build.0 = Debug|Any CPU
		{54CF96C8-CA52-AD0E-42F8-204463C17097}.Release|Any CPU.ActiveCfg = Release|Any CPU
		{54CF96C8-CA52-AD0E-42F8-204463C17097}.Release|Any CPU.Build.0 = Release|Any CPU
		{E25B4AC3-74AB-FBB1-3711-776E7D260B4E}.Debug|Any CPU.ActiveCfg = Debug|Any CPU
		{E25B4AC3-74AB-FBB1-3711-776E7D260B4E}.Debug|Any CPU.Build.0 = Debug|Any CPU
		{E25B4AC3-74AB-FBB1-3711-776E7D260B4E}.Release|Any CPU.ActiveCfg = Release|Any CPU
		{E25B4AC3-74AB-FBB1-3711-776E7D260B4E}.Release|Any CPU.Build.0 = Release|Any CPU
		{8D6C4545-21D4-69A2-BD57-32A82EA10D01}.Debug|Any CPU.ActiveCfg = Debug|Any CPU
		{8D6C4545-21D4-69A2-BD57-32A82EA10D01}.Debug|Any CPU.Build.0 = Debug|Any CPU
		{8D6C4545-21D4-69A2-BD57-32A82EA10D01}.Release|Any CPU.ActiveCfg = Release|Any CPU
		{8D6C4545-21D4-69A2-BD57-32A82EA10D01}.Release|Any CPU.Build.0 = Release|Any CPU
		{A709E548-A996-3312-FAC2-44492035E75D}.Debug|Any CPU.ActiveCfg = Debug|Any CPU
		{A709E548-A996-3312-FAC2-44492035E75D}.Debug|Any CPU.Build.0 = Debug|Any CPU
		{A709E548-A996-3312-FAC2-44492035E75D}.Release|Any CPU.ActiveCfg = Release|Any CPU
		{A709E548-A996-3312-FAC2-44492035E75D}.Release|Any CPU.Build.0 = Release|Any CPU
		{BAE00542-5B46-FF4D-3D46-596655BC853D}.Debug|Any CPU.ActiveCfg = Debug|Any CPU
		{BAE00542-5B46-FF4D-3D46-596655BC853D}.Debug|Any CPU.Build.0 = Debug|Any CPU
		{BAE00542-5B46-FF4D-3D46-596655BC853D}.Release|Any CPU.ActiveCfg = Release|Any CPU
		{BAE00542-5B46-FF4D-3D46-596655BC853D}.Release|Any CPU.Build.0 = Release|Any CPU
		{B5677856-DE49-AB8C-68FD-5A9F5D54B03E}.Debug|Any CPU.ActiveCfg = Debug|Any CPU
		{B5677856-DE49-AB8C-68FD-5A9F5D54B03E}.Debug|Any CPU.Build.0 = Debug|Any CPU
		{B5677856-DE49-AB8C-68FD-5A9F5D54B03E}.Release|Any CPU.ActiveCfg = Release|Any CPU
		{B5677856-DE49-AB8C-68FD-5A9F5D54B03E}.Release|Any CPU.Build.0 = Release|Any CPU
		{281B7C96-C70A-81F7-A386-3BE113634CF0}.Debug|Any CPU.ActiveCfg = Debug|Any CPU
		{281B7C96-C70A-81F7-A386-3BE113634CF0}.Debug|Any CPU.Build.0 = Debug|Any CPU
		{281B7C96-C70A-81F7-A386-3BE113634CF0}.Release|Any CPU.ActiveCfg = Release|Any CPU
		{281B7C96-C70A-81F7-A386-3BE113634CF0}.Release|Any CPU.Build.0 = Release|Any CPU
		{1955062F-8BFF-5E42-6FF8-6EEAD4F405A9}.Debug|Any CPU.ActiveCfg = Debug|Any CPU
		{1955062F-8BFF-5E42-6FF8-6EEAD4F405A9}.Debug|Any CPU.Build.0 = Debug|Any CPU
		{1955062F-8BFF-5E42-6FF8-6EEAD4F405A9}.Release|Any CPU.ActiveCfg = Release|Any CPU
		{1955062F-8BFF-5E42-6FF8-6EEAD4F405A9}.Release|Any CPU.Build.0 = Release|Any CPU
		{AB50ACDD-39A2-9070-F3F0-663BA836F852}.Debug|Any CPU.ActiveCfg = Debug|Any CPU
		{AB50ACDD-39A2-9070-F3F0-663BA836F852}.Debug|Any CPU.Build.0 = Debug|Any CPU
		{AB50ACDD-39A2-9070-F3F0-663BA836F852}.Release|Any CPU.ActiveCfg = Release|Any CPU
		{AB50ACDD-39A2-9070-F3F0-663BA836F852}.Release|Any CPU.Build.0 = Release|Any CPU
		{9A804367-AED6-4247-22D0-E98551483E44}.Debug|Any CPU.ActiveCfg = Debug|Any CPU
		{9A804367-AED6-4247-22D0-E98551483E44}.Debug|Any CPU.Build.0 = Debug|Any CPU
		{9A804367-AED6-4247-22D0-E98551483E44}.Release|Any CPU.ActiveCfg = Release|Any CPU
		{9A804367-AED6-4247-22D0-E98551483E44}.Release|Any CPU.Build.0 = Release|Any CPU
		{B8729E9C-149B-3820-C8C1-1098D1C9880B}.Debug|Any CPU.ActiveCfg = Debug|Any CPU
		{B8729E9C-149B-3820-C8C1-1098D1C9880B}.Debug|Any CPU.Build.0 = Debug|Any CPU
		{B8729E9C-149B-3820-C8C1-1098D1C9880B}.Release|Any CPU.ActiveCfg = Release|Any CPU
		{B8729E9C-149B-3820-C8C1-1098D1C9880B}.Release|Any CPU.Build.0 = Release|Any CPU
		{A8A08033-ADA6-8C38-F9BD-90910F86ACAF}.Debug|Any CPU.ActiveCfg = Debug|Any CPU
		{A8A08033-ADA6-8C38-F9BD-90910F86ACAF}.Debug|Any CPU.Build.0 = Debug|Any CPU
		{A8A08033-ADA6-8C38-F9BD-90910F86ACAF}.Release|Any CPU.ActiveCfg = Release|Any CPU
		{A8A08033-ADA6-8C38-F9BD-90910F86ACAF}.Release|Any CPU.Build.0 = Release|Any CPU
		{4303B86F-D7AF-02FB-27FA-59EABC968D84}.Debug|Any CPU.ActiveCfg = Debug|Any CPU
		{4303B86F-D7AF-02FB-27FA-59EABC968D84}.Debug|Any CPU.Build.0 = Debug|Any CPU
		{4303B86F-D7AF-02FB-27FA-59EABC968D84}.Release|Any CPU.ActiveCfg = Release|Any CPU
		{4303B86F-D7AF-02FB-27FA-59EABC968D84}.Release|Any CPU.Build.0 = Release|Any CPU
		{5C8F693E-A547-7E5B-EF90-907B437B79A4}.Debug|Any CPU.ActiveCfg = Debug|Any CPU
		{5C8F693E-A547-7E5B-EF90-907B437B79A4}.Debug|Any CPU.Build.0 = Debug|Any CPU
		{5C8F693E-A547-7E5B-EF90-907B437B79A4}.Release|Any CPU.ActiveCfg = Release|Any CPU
		{5C8F693E-A547-7E5B-EF90-907B437B79A4}.Release|Any CPU.Build.0 = Release|Any CPU
		{EE5C9830-915E-79B0-2DA1-D8853E7D30FD}.Debug|Any CPU.ActiveCfg = Debug|Any CPU
		{EE5C9830-915E-79B0-2DA1-D8853E7D30FD}.Debug|Any CPU.Build.0 = Debug|Any CPU
		{EE5C9830-915E-79B0-2DA1-D8853E7D30FD}.Release|Any CPU.ActiveCfg = Release|Any CPU
		{EE5C9830-915E-79B0-2DA1-D8853E7D30FD}.Release|Any CPU.Build.0 = Release|Any CPU
		{E6DB69F4-C2A9-AD48-47EB-C1EC7184D998}.Debug|Any CPU.ActiveCfg = Debug|Any CPU
		{E6DB69F4-C2A9-AD48-47EB-C1EC7184D998}.Debug|Any CPU.Build.0 = Debug|Any CPU
		{E6DB69F4-C2A9-AD48-47EB-C1EC7184D998}.Release|Any CPU.ActiveCfg = Release|Any CPU
		{E6DB69F4-C2A9-AD48-47EB-C1EC7184D998}.Release|Any CPU.Build.0 = Release|Any CPU
		{7C9B517C-0EE4-B7DA-22CC-4B8676154E2F}.Debug|Any CPU.ActiveCfg = Debug|Any CPU
		{7C9B517C-0EE4-B7DA-22CC-4B8676154E2F}.Debug|Any CPU.Build.0 = Debug|Any CPU
		{7C9B517C-0EE4-B7DA-22CC-4B8676154E2F}.Release|Any CPU.ActiveCfg = Release|Any CPU
		{7C9B517C-0EE4-B7DA-22CC-4B8676154E2F}.Release|Any CPU.Build.0 = Release|Any CPU
		{3585C3CD-0E58-E01E-9006-C5DC0F068F29}.Debug|Any CPU.ActiveCfg = Debug|Any CPU
		{3585C3CD-0E58-E01E-9006-C5DC0F068F29}.Debug|Any CPU.Build.0 = Debug|Any CPU
		{3585C3CD-0E58-E01E-9006-C5DC0F068F29}.Release|Any CPU.ActiveCfg = Release|Any CPU
		{3585C3CD-0E58-E01E-9006-C5DC0F068F29}.Release|Any CPU.Build.0 = Release|Any CPU
		{3A8EA317-E211-030D-5F0F-1A30CFD3A292}.Debug|Any CPU.ActiveCfg = Debug|Any CPU
		{3A8EA317-E211-030D-5F0F-1A30CFD3A292}.Debug|Any CPU.Build.0 = Debug|Any CPU
		{3A8EA317-E211-030D-5F0F-1A30CFD3A292}.Release|Any CPU.ActiveCfg = Release|Any CPU
		{3A8EA317-E211-030D-5F0F-1A30CFD3A292}.Release|Any CPU.Build.0 = Release|Any CPU
		{13FEB230-85A5-7F27-59D1-585BE660805D}.Debug|Any CPU.ActiveCfg = Debug|Any CPU
		{13FEB230-85A5-7F27-59D1-585BE660805D}.Debug|Any CPU.Build.0 = Debug|Any CPU
		{13FEB230-85A5-7F27-59D1-585BE660805D}.Release|Any CPU.ActiveCfg = Release|Any CPU
		{13FEB230-85A5-7F27-59D1-585BE660805D}.Release|Any CPU.Build.0 = Release|Any CPU
		{B349C089-BCCB-FAB3-778E-3461F1131CCD}.Debug|Any CPU.ActiveCfg = Debug|Any CPU
		{B349C089-BCCB-FAB3-778E-3461F1131CCD}.Debug|Any CPU.Build.0 = Debug|Any CPU
		{B349C089-BCCB-FAB3-778E-3461F1131CCD}.Release|Any CPU.ActiveCfg = Release|Any CPU
		{B349C089-BCCB-FAB3-778E-3461F1131CCD}.Release|Any CPU.Build.0 = Release|Any CPU
		{3AE086C2-8965-568D-3AF3-046075A49CC2}.Debug|Any CPU.ActiveCfg = Debug|Any CPU
		{3AE086C2-8965-568D-3AF3-046075A49CC2}.Debug|Any CPU.Build.0 = Debug|Any CPU
		{3AE086C2-8965-568D-3AF3-046075A49CC2}.Release|Any CPU.ActiveCfg = Release|Any CPU
		{3AE086C2-8965-568D-3AF3-046075A49CC2}.Release|Any CPU.Build.0 = Release|Any CPU
		{48D7DBE4-A3C2-F56E-1E56-3211CAAFC808}.Debug|Any CPU.ActiveCfg = Debug|Any CPU
		{48D7DBE4-A3C2-F56E-1E56-3211CAAFC808}.Debug|Any CPU.Build.0 = Debug|Any CPU
		{48D7DBE4-A3C2-F56E-1E56-3211CAAFC808}.Release|Any CPU.ActiveCfg = Release|Any CPU
		{48D7DBE4-A3C2-F56E-1E56-3211CAAFC808}.Release|Any CPU.Build.0 = Release|Any CPU
		{3F44332F-3689-725D-906B-A453D276DA0A}.Debug|Any CPU.ActiveCfg = Debug|Any CPU
		{3F44332F-3689-725D-906B-A453D276DA0A}.Debug|Any CPU.Build.0 = Debug|Any CPU
		{3F44332F-3689-725D-906B-A453D276DA0A}.Release|Any CPU.ActiveCfg = Release|Any CPU
		{3F44332F-3689-725D-906B-A453D276DA0A}.Release|Any CPU.Build.0 = Release|Any CPU
		{E981435A-7207-AD0F-13E1-37741899B558}.Debug|Any CPU.ActiveCfg = Debug|Any CPU
		{E981435A-7207-AD0F-13E1-37741899B558}.Debug|Any CPU.Build.0 = Debug|Any CPU
		{E981435A-7207-AD0F-13E1-37741899B558}.Release|Any CPU.ActiveCfg = Release|Any CPU
		{E981435A-7207-AD0F-13E1-37741899B558}.Release|Any CPU.Build.0 = Release|Any CPU
		{3FEA1F81-8D2E-391F-545F-FE6BB78AA133}.Debug|Any CPU.ActiveCfg = Debug|Any CPU
		{3FEA1F81-8D2E-391F-545F-FE6BB78AA133}.Debug|Any CPU.Build.0 = Debug|Any CPU
		{3FEA1F81-8D2E-391F-545F-FE6BB78AA133}.Release|Any CPU.ActiveCfg = Release|Any CPU
		{3FEA1F81-8D2E-391F-545F-FE6BB78AA133}.Release|Any CPU.Build.0 = Release|Any CPU
		{EE268F79-E009-7818-D41B-7520080BB70F}.Debug|Any CPU.ActiveCfg = Debug|Any CPU
		{EE268F79-E009-7818-D41B-7520080BB70F}.Debug|Any CPU.Build.0 = Debug|Any CPU
		{EE268F79-E009-7818-D41B-7520080BB70F}.Release|Any CPU.ActiveCfg = Release|Any CPU
		{EE268F79-E009-7818-D41B-7520080BB70F}.Release|Any CPU.Build.0 = Release|Any CPU
		{F34A3BD4-EB9D-BECB-D5F8-259A2DF7AF6A}.Debug|Any CPU.ActiveCfg = Debug|Any CPU
		{F34A3BD4-EB9D-BECB-D5F8-259A2DF7AF6A}.Debug|Any CPU.Build.0 = Debug|Any CPU
		{F34A3BD4-EB9D-BECB-D5F8-259A2DF7AF6A}.Release|Any CPU.ActiveCfg = Release|Any CPU
		{F34A3BD4-EB9D-BECB-D5F8-259A2DF7AF6A}.Release|Any CPU.Build.0 = Release|Any CPU
		{C30BDF30-6FC9-9F7A-7DF3-8385F3063734}.Debug|Any CPU.ActiveCfg = Debug|Any CPU
		{C30BDF30-6FC9-9F7A-7DF3-8385F3063734}.Debug|Any CPU.Build.0 = Debug|Any CPU
		{C30BDF30-6FC9-9F7A-7DF3-8385F3063734}.Release|Any CPU.ActiveCfg = Release|Any CPU
		{C30BDF30-6FC9-9F7A-7DF3-8385F3063734}.Release|Any CPU.Build.0 = Release|Any CPU
		{6EC97B0C-B236-2E35-3395-198920F814AE}.Debug|Any CPU.ActiveCfg = Debug|Any CPU
		{6EC97B0C-B236-2E35-3395-198920F814AE}.Debug|Any CPU.Build.0 = Debug|Any CPU
		{6EC97B0C-B236-2E35-3395-198920F814AE}.Release|Any CPU.ActiveCfg = Release|Any CPU
		{6EC97B0C-B236-2E35-3395-198920F814AE}.Release|Any CPU.Build.0 = Release|Any CPU
		{8FB504FD-F38C-F714-844A-0138C6861FD8}.Debug|Any CPU.ActiveCfg = Debug|Any CPU
		{8FB504FD-F38C-F714-844A-0138C6861FD8}.Debug|Any CPU.Build.0 = Debug|Any CPU
		{8FB504FD-F38C-F714-844A-0138C6861FD8}.Release|Any CPU.ActiveCfg = Release|Any CPU
		{8FB504FD-F38C-F714-844A-0138C6861FD8}.Release|Any CPU.Build.0 = Release|Any CPU
		{E621E602-A9DF-FA1D-D07A-63464DFA0222}.Debug|Any CPU.ActiveCfg = Debug|Any CPU
		{E621E602-A9DF-FA1D-D07A-63464DFA0222}.Debug|Any CPU.Build.0 = Debug|Any CPU
		{E621E602-A9DF-FA1D-D07A-63464DFA0222}.Release|Any CPU.ActiveCfg = Release|Any CPU
		{E621E602-A9DF-FA1D-D07A-63464DFA0222}.Release|Any CPU.Build.0 = Release|Any CPU
		{F907A408-0C93-DA8B-C72D-03D7D9B839AC}.Debug|Any CPU.ActiveCfg = Debug|Any CPU
		{F907A408-0C93-DA8B-C72D-03D7D9B839AC}.Debug|Any CPU.Build.0 = Debug|Any CPU
		{F907A408-0C93-DA8B-C72D-03D7D9B839AC}.Release|Any CPU.ActiveCfg = Release|Any CPU
		{F907A408-0C93-DA8B-C72D-03D7D9B839AC}.Release|Any CPU.Build.0 = Release|Any CPU
		{28F7B427-0902-4316-1D1F-5CD01863ADC0}.Debug|Any CPU.ActiveCfg = Debug|Any CPU
		{28F7B427-0902-4316-1D1F-5CD01863ADC0}.Debug|Any CPU.Build.0 = Debug|Any CPU
		{28F7B427-0902-4316-1D1F-5CD01863ADC0}.Release|Any CPU.ActiveCfg = Release|Any CPU
		{28F7B427-0902-4316-1D1F-5CD01863ADC0}.Release|Any CPU.Build.0 = Release|Any CPU
		{D7B529CC-583E-8F61-3946-2ECF2D821454}.Debug|Any CPU.ActiveCfg = Debug|Any CPU
		{D7B529CC-583E-8F61-3946-2ECF2D821454}.Debug|Any CPU.Build.0 = Debug|Any CPU
		{D7B529CC-583E-8F61-3946-2ECF2D821454}.Release|Any CPU.ActiveCfg = Release|Any CPU
		{D7B529CC-583E-8F61-3946-2ECF2D821454}.Release|Any CPU.Build.0 = Release|Any CPU
		{C54406E3-511E-D587-3B99-E7EA4D3B5FEF}.Debug|Any CPU.ActiveCfg = Debug|Any CPU
		{C54406E3-511E-D587-3B99-E7EA4D3B5FEF}.Debug|Any CPU.Build.0 = Debug|Any CPU
		{C54406E3-511E-D587-3B99-E7EA4D3B5FEF}.Release|Any CPU.ActiveCfg = Release|Any CPU
		{C54406E3-511E-D587-3B99-E7EA4D3B5FEF}.Release|Any CPU.Build.0 = Release|Any CPU
		{25DE8A04-9442-D578-89DA-EAF024963E67}.Debug|Any CPU.ActiveCfg = Debug|Any CPU
		{25DE8A04-9442-D578-89DA-EAF024963E67}.Debug|Any CPU.Build.0 = Debug|Any CPU
		{25DE8A04-9442-D578-89DA-EAF024963E67}.Release|Any CPU.ActiveCfg = Release|Any CPU
		{25DE8A04-9442-D578-89DA-EAF024963E67}.Release|Any CPU.Build.0 = Release|Any CPU
		{ABF2758F-6706-74D1-B334-0C7C05825F5C}.Debug|Any CPU.ActiveCfg = Debug|Any CPU
		{ABF2758F-6706-74D1-B334-0C7C05825F5C}.Debug|Any CPU.Build.0 = Debug|Any CPU
		{ABF2758F-6706-74D1-B334-0C7C05825F5C}.Release|Any CPU.ActiveCfg = Release|Any CPU
		{ABF2758F-6706-74D1-B334-0C7C05825F5C}.Release|Any CPU.Build.0 = Release|Any CPU
		{4D4CF09D-C04B-0D3F-5D54-3E8D374B7D77}.Debug|Any CPU.ActiveCfg = Debug|Any CPU
		{4D4CF09D-C04B-0D3F-5D54-3E8D374B7D77}.Debug|Any CPU.Build.0 = Debug|Any CPU
		{4D4CF09D-C04B-0D3F-5D54-3E8D374B7D77}.Release|Any CPU.ActiveCfg = Release|Any CPU
		{4D4CF09D-C04B-0D3F-5D54-3E8D374B7D77}.Release|Any CPU.Build.0 = Release|Any CPU
		{8E53BE42-93C3-5447-911B-B29FA93C0467}.Debug|Any CPU.ActiveCfg = Debug|Any CPU
		{8E53BE42-93C3-5447-911B-B29FA93C0467}.Debug|Any CPU.Build.0 = Debug|Any CPU
		{8E53BE42-93C3-5447-911B-B29FA93C0467}.Release|Any CPU.ActiveCfg = Release|Any CPU
		{8E53BE42-93C3-5447-911B-B29FA93C0467}.Release|Any CPU.Build.0 = Release|Any CPU
		{89151CF0-1495-6799-7A47-FBEA619BE001}.Debug|Any CPU.ActiveCfg = Debug|Any CPU
		{89151CF0-1495-6799-7A47-FBEA619BE001}.Debug|Any CPU.Build.0 = Debug|Any CPU
		{89151CF0-1495-6799-7A47-FBEA619BE001}.Release|Any CPU.ActiveCfg = Release|Any CPU
		{89151CF0-1495-6799-7A47-FBEA619BE001}.Release|Any CPU.Build.0 = Release|Any CPU
		{800D66B6-8EBB-D7C5-4089-FC0E6EC45060}.Debug|Any CPU.ActiveCfg = Debug|Any CPU
		{800D66B6-8EBB-D7C5-4089-FC0E6EC45060}.Debug|Any CPU.Build.0 = Debug|Any CPU
		{800D66B6-8EBB-D7C5-4089-FC0E6EC45060}.Release|Any CPU.ActiveCfg = Release|Any CPU
		{800D66B6-8EBB-D7C5-4089-FC0E6EC45060}.Release|Any CPU.Build.0 = Release|Any CPU
		{B82527E9-AD67-2888-61BC-00C3845B4ADA}.Debug|Any CPU.ActiveCfg = Debug|Any CPU
		{B82527E9-AD67-2888-61BC-00C3845B4ADA}.Debug|Any CPU.Build.0 = Debug|Any CPU
		{B82527E9-AD67-2888-61BC-00C3845B4ADA}.Release|Any CPU.ActiveCfg = Release|Any CPU
		{B82527E9-AD67-2888-61BC-00C3845B4ADA}.Release|Any CPU.Build.0 = Release|Any CPU
		{3C2DDD0C-9CD1-199D-C4C7-97BAF140B5F8}.Debug|Any CPU.ActiveCfg = Debug|Any CPU
		{3C2DDD0C-9CD1-199D-C4C7-97BAF140B5F8}.Debug|Any CPU.Build.0 = Debug|Any CPU
		{3C2DDD0C-9CD1-199D-C4C7-97BAF140B5F8}.Release|Any CPU.ActiveCfg = Release|Any CPU
		{3C2DDD0C-9CD1-199D-C4C7-97BAF140B5F8}.Release|Any CPU.Build.0 = Release|Any CPU
		{FE67BE7F-2093-FE2F-EFBC-7068A72590FB}.Debug|Any CPU.ActiveCfg = Debug|Any CPU
		{FE67BE7F-2093-FE2F-EFBC-7068A72590FB}.Debug|Any CPU.Build.0 = Debug|Any CPU
		{FE67BE7F-2093-FE2F-EFBC-7068A72590FB}.Release|Any CPU.ActiveCfg = Release|Any CPU
		{FE67BE7F-2093-FE2F-EFBC-7068A72590FB}.Release|Any CPU.Build.0 = Release|Any CPU
		{93716D5D-9178-5972-D23B-D9A4147FC121}.Debug|Any CPU.ActiveCfg = Debug|Any CPU
		{93716D5D-9178-5972-D23B-D9A4147FC121}.Debug|Any CPU.Build.0 = Debug|Any CPU
		{93716D5D-9178-5972-D23B-D9A4147FC121}.Release|Any CPU.ActiveCfg = Release|Any CPU
		{93716D5D-9178-5972-D23B-D9A4147FC121}.Release|Any CPU.Build.0 = Release|Any CPU
		{76CB6DD8-4037-CAC6-EBC4-9A5486684E3B}.Debug|Any CPU.ActiveCfg = Debug|Any CPU
		{76CB6DD8-4037-CAC6-EBC4-9A5486684E3B}.Debug|Any CPU.Build.0 = Debug|Any CPU
		{76CB6DD8-4037-CAC6-EBC4-9A5486684E3B}.Release|Any CPU.ActiveCfg = Release|Any CPU
		{76CB6DD8-4037-CAC6-EBC4-9A5486684E3B}.Release|Any CPU.Build.0 = Release|Any CPU
		{27BBD07B-AFFA-9EE4-636A-0B17AFFFEFA9}.Debug|Any CPU.ActiveCfg = Debug|Any CPU
		{27BBD07B-AFFA-9EE4-636A-0B17AFFFEFA9}.Debug|Any CPU.Build.0 = Debug|Any CPU
		{27BBD07B-AFFA-9EE4-636A-0B17AFFFEFA9}.Release|Any CPU.ActiveCfg = Release|Any CPU
		{27BBD07B-AFFA-9EE4-636A-0B17AFFFEFA9}.Release|Any CPU.Build.0 = Release|Any CPU
		{8BA2C43B-116C-664F-EAD7-67EE2596DAC0}.Debug|Any CPU.ActiveCfg = Debug|Any CPU
		{8BA2C43B-116C-664F-EAD7-67EE2596DAC0}.Debug|Any CPU.Build.0 = Debug|Any CPU
		{8BA2C43B-116C-664F-EAD7-67EE2596DAC0}.Release|Any CPU.ActiveCfg = Release|Any CPU
		{8BA2C43B-116C-664F-EAD7-67EE2596DAC0}.Release|Any CPU.Build.0 = Release|Any CPU
		{AAFE1B5F-4FFC-B34C-DE61-7019D1130432}.Debug|Any CPU.ActiveCfg = Debug|Any CPU
		{AAFE1B5F-4FFC-B34C-DE61-7019D1130432}.Debug|Any CPU.Build.0 = Debug|Any CPU
		{AAFE1B5F-4FFC-B34C-DE61-7019D1130432}.Release|Any CPU.ActiveCfg = Release|Any CPU
		{AAFE1B5F-4FFC-B34C-DE61-7019D1130432}.Release|Any CPU.Build.0 = Release|Any CPU
		{4013BFE1-BAF0-6BE8-0384-15AEF0F2FF9D}.Debug|Any CPU.ActiveCfg = Debug|Any CPU
		{4013BFE1-BAF0-6BE8-0384-15AEF0F2FF9D}.Debug|Any CPU.Build.0 = Debug|Any CPU
		{4013BFE1-BAF0-6BE8-0384-15AEF0F2FF9D}.Release|Any CPU.ActiveCfg = Release|Any CPU
		{4013BFE1-BAF0-6BE8-0384-15AEF0F2FF9D}.Release|Any CPU.Build.0 = Release|Any CPU
		{BB132C8C-1217-2913-3381-8C2543D3B51C}.Debug|Any CPU.ActiveCfg = Debug|Any CPU
		{BB132C8C-1217-2913-3381-8C2543D3B51C}.Debug|Any CPU.Build.0 = Debug|Any CPU
		{BB132C8C-1217-2913-3381-8C2543D3B51C}.Release|Any CPU.ActiveCfg = Release|Any CPU
		{BB132C8C-1217-2913-3381-8C2543D3B51C}.Release|Any CPU.Build.0 = Release|Any CPU
		{B1CA977D-80BF-6308-3C25-F35F772DADD3}.Debug|Any CPU.ActiveCfg = Debug|Any CPU
		{B1CA977D-80BF-6308-3C25-F35F772DADD3}.Debug|Any CPU.Build.0 = Debug|Any CPU
		{B1CA977D-80BF-6308-3C25-F35F772DADD3}.Release|Any CPU.ActiveCfg = Release|Any CPU
		{B1CA977D-80BF-6308-3C25-F35F772DADD3}.Release|Any CPU.Build.0 = Release|Any CPU
		{0363502D-4783-7E74-1F63-E33FBE2E7A1A}.Debug|Any CPU.ActiveCfg = Debug|Any CPU
		{0363502D-4783-7E74-1F63-E33FBE2E7A1A}.Debug|Any CPU.Build.0 = Debug|Any CPU
		{0363502D-4783-7E74-1F63-E33FBE2E7A1A}.Release|Any CPU.ActiveCfg = Release|Any CPU
		{0363502D-4783-7E74-1F63-E33FBE2E7A1A}.Release|Any CPU.Build.0 = Release|Any CPU
		{A7337AAD-C1C1-6DC3-7BDD-129D7959F913}.Debug|Any CPU.ActiveCfg = Debug|Any CPU
		{A7337AAD-C1C1-6DC3-7BDD-129D7959F913}.Debug|Any CPU.Build.0 = Debug|Any CPU
		{A7337AAD-C1C1-6DC3-7BDD-129D7959F913}.Release|Any CPU.ActiveCfg = Release|Any CPU
		{A7337AAD-C1C1-6DC3-7BDD-129D7959F913}.Release|Any CPU.Build.0 = Release|Any CPU
		{6F4DE89A-75BE-879C-0D9E-08936958378D}.Debug|Any CPU.ActiveCfg = Debug|Any CPU
		{6F4DE89A-75BE-879C-0D9E-08936958378D}.Debug|Any CPU.Build.0 = Debug|Any CPU
		{6F4DE89A-75BE-879C-0D9E-08936958378D}.Release|Any CPU.ActiveCfg = Release|Any CPU
		{6F4DE89A-75BE-879C-0D9E-08936958378D}.Release|Any CPU.Build.0 = Release|Any CPU
		{C28C6946-8BAD-8ED4-21A4-51D8B74CCBD0}.Debug|Any CPU.ActiveCfg = Debug|Any CPU
		{C28C6946-8BAD-8ED4-21A4-51D8B74CCBD0}.Debug|Any CPU.Build.0 = Debug|Any CPU
		{C28C6946-8BAD-8ED4-21A4-51D8B74CCBD0}.Release|Any CPU.ActiveCfg = Release|Any CPU
		{C28C6946-8BAD-8ED4-21A4-51D8B74CCBD0}.Release|Any CPU.Build.0 = Release|Any CPU
		{067C51BC-3B60-F2B0-DB3E-AF72042222F4}.Debug|Any CPU.ActiveCfg = Debug|Any CPU
		{067C51BC-3B60-F2B0-DB3E-AF72042222F4}.Debug|Any CPU.Build.0 = Debug|Any CPU
		{067C51BC-3B60-F2B0-DB3E-AF72042222F4}.Release|Any CPU.ActiveCfg = Release|Any CPU
		{067C51BC-3B60-F2B0-DB3E-AF72042222F4}.Release|Any CPU.Build.0 = Release|Any CPU
		{7470BD2C-1A5D-5BE6-29C7-24D3ED4D97FA}.Debug|Any CPU.ActiveCfg = Debug|Any CPU
		{7470BD2C-1A5D-5BE6-29C7-24D3ED4D97FA}.Debug|Any CPU.Build.0 = Debug|Any CPU
		{7470BD2C-1A5D-5BE6-29C7-24D3ED4D97FA}.Release|Any CPU.ActiveCfg = Release|Any CPU
		{7470BD2C-1A5D-5BE6-29C7-24D3ED4D97FA}.Release|Any CPU.Build.0 = Release|Any CPU
		{84ABC74F-9D78-7025-46FF-08309258AE31}.Debug|Any CPU.ActiveCfg = Debug|Any CPU
		{84ABC74F-9D78-7025-46FF-08309258AE31}.Debug|Any CPU.Build.0 = Debug|Any CPU
		{84ABC74F-9D78-7025-46FF-08309258AE31}.Release|Any CPU.ActiveCfg = Release|Any CPU
		{84ABC74F-9D78-7025-46FF-08309258AE31}.Release|Any CPU.Build.0 = Release|Any CPU
		{7E2DA1D3-5EB6-7962-EBC1-7F3747371865}.Debug|Any CPU.ActiveCfg = Debug|Any CPU
		{7E2DA1D3-5EB6-7962-EBC1-7F3747371865}.Debug|Any CPU.Build.0 = Debug|Any CPU
		{7E2DA1D3-5EB6-7962-EBC1-7F3747371865}.Release|Any CPU.ActiveCfg = Release|Any CPU
		{7E2DA1D3-5EB6-7962-EBC1-7F3747371865}.Release|Any CPU.Build.0 = Release|Any CPU
		{9BA9D07F-988A-B16D-2001-FFFB04610FA9}.Debug|Any CPU.ActiveCfg = Debug|Any CPU
		{9BA9D07F-988A-B16D-2001-FFFB04610FA9}.Debug|Any CPU.Build.0 = Debug|Any CPU
		{9BA9D07F-988A-B16D-2001-FFFB04610FA9}.Release|Any CPU.ActiveCfg = Release|Any CPU
		{9BA9D07F-988A-B16D-2001-FFFB04610FA9}.Release|Any CPU.Build.0 = Release|Any CPU
		{D54B0417-4AA1-5DA8-4B60-A1D5B1B9CCFF}.Debug|Any CPU.ActiveCfg = Debug|Any CPU
		{D54B0417-4AA1-5DA8-4B60-A1D5B1B9CCFF}.Debug|Any CPU.Build.0 = Debug|Any CPU
		{D54B0417-4AA1-5DA8-4B60-A1D5B1B9CCFF}.Release|Any CPU.ActiveCfg = Release|Any CPU
		{D54B0417-4AA1-5DA8-4B60-A1D5B1B9CCFF}.Release|Any CPU.Build.0 = Release|Any CPU
		{56ABCF37-D12E-AF8E-4090-8A871A7E2903}.Debug|Any CPU.ActiveCfg = Debug|Any CPU
		{56ABCF37-D12E-AF8E-4090-8A871A7E2903}.Debug|Any CPU.Build.0 = Debug|Any CPU
		{56ABCF37-D12E-AF8E-4090-8A871A7E2903}.Release|Any CPU.ActiveCfg = Release|Any CPU
		{56ABCF37-D12E-AF8E-4090-8A871A7E2903}.Release|Any CPU.Build.0 = Release|Any CPU
		{A1A30E55-6896-E653-034D-16672180D17D}.Debug|Any CPU.ActiveCfg = Debug|Any CPU
		{A1A30E55-6896-E653-034D-16672180D17D}.Debug|Any CPU.Build.0 = Debug|Any CPU
		{A1A30E55-6896-E653-034D-16672180D17D}.Release|Any CPU.ActiveCfg = Release|Any CPU
		{A1A30E55-6896-E653-034D-16672180D17D}.Release|Any CPU.Build.0 = Release|Any CPU
		{4240D5EC-76D1-05A5-FB04-220C0B49A291}.Debug|Any CPU.ActiveCfg = Debug|Any CPU
		{4240D5EC-76D1-05A5-FB04-220C0B49A291}.Debug|Any CPU.Build.0 = Debug|Any CPU
		{4240D5EC-76D1-05A5-FB04-220C0B49A291}.Release|Any CPU.ActiveCfg = Release|Any CPU
		{4240D5EC-76D1-05A5-FB04-220C0B49A291}.Release|Any CPU.Build.0 = Release|Any CPU
		{7A87F593-68D7-15F4-7AA7-6BF5C0EB9C1D}.Debug|Any CPU.ActiveCfg = Debug|Any CPU
		{7A87F593-68D7-15F4-7AA7-6BF5C0EB9C1D}.Debug|Any CPU.Build.0 = Debug|Any CPU
		{7A87F593-68D7-15F4-7AA7-6BF5C0EB9C1D}.Release|Any CPU.ActiveCfg = Release|Any CPU
		{7A87F593-68D7-15F4-7AA7-6BF5C0EB9C1D}.Release|Any CPU.Build.0 = Release|Any CPU
		{2F42AEDA-FD5D-758A-799A-8E5FB9F2E0A5}.Debug|Any CPU.ActiveCfg = Debug|Any CPU
		{2F42AEDA-FD5D-758A-799A-8E5FB9F2E0A5}.Debug|Any CPU.Build.0 = Debug|Any CPU
		{2F42AEDA-FD5D-758A-799A-8E5FB9F2E0A5}.Release|Any CPU.ActiveCfg = Release|Any CPU
		{2F42AEDA-FD5D-758A-799A-8E5FB9F2E0A5}.Release|Any CPU.Build.0 = Release|Any CPU
		{AA51A35A-2378-DFC4-E5BF-AA4F2E2D9FF7}.Debug|Any CPU.ActiveCfg = Debug|Any CPU
		{AA51A35A-2378-DFC4-E5BF-AA4F2E2D9FF7}.Debug|Any CPU.Build.0 = Debug|Any CPU
		{AA51A35A-2378-DFC4-E5BF-AA4F2E2D9FF7}.Release|Any CPU.ActiveCfg = Release|Any CPU
		{AA51A35A-2378-DFC4-E5BF-AA4F2E2D9FF7}.Release|Any CPU.Build.0 = Release|Any CPU
		{67DC3E47-2996-06C8-758C-59CB3C0B8F14}.Debug|Any CPU.ActiveCfg = Debug|Any CPU
		{67DC3E47-2996-06C8-758C-59CB3C0B8F14}.Debug|Any CPU.Build.0 = Debug|Any CPU
		{67DC3E47-2996-06C8-758C-59CB3C0B8F14}.Release|Any CPU.ActiveCfg = Release|Any CPU
		{67DC3E47-2996-06C8-758C-59CB3C0B8F14}.Release|Any CPU.Build.0 = Release|Any CPU
		{0247DFA7-0D60-6056-F7EF-1EA38120E1EB}.Debug|Any CPU.ActiveCfg = Debug|Any CPU
		{0247DFA7-0D60-6056-F7EF-1EA38120E1EB}.Debug|Any CPU.Build.0 = Debug|Any CPU
		{0247DFA7-0D60-6056-F7EF-1EA38120E1EB}.Release|Any CPU.ActiveCfg = Release|Any CPU
		{0247DFA7-0D60-6056-F7EF-1EA38120E1EB}.Release|Any CPU.Build.0 = Release|Any CPU
		{69B7C9AF-F156-86CF-FB2F-B58D2724455F}.Debug|Any CPU.ActiveCfg = Debug|Any CPU
		{69B7C9AF-F156-86CF-FB2F-B58D2724455F}.Debug|Any CPU.Build.0 = Debug|Any CPU
		{69B7C9AF-F156-86CF-FB2F-B58D2724455F}.Release|Any CPU.ActiveCfg = Release|Any CPU
		{69B7C9AF-F156-86CF-FB2F-B58D2724455F}.Release|Any CPU.Build.0 = Release|Any CPU
		{1F032978-3896-F537-6290-07E1738D845B}.Debug|Any CPU.ActiveCfg = Debug|Any CPU
		{1F032978-3896-F537-6290-07E1738D845B}.Debug|Any CPU.Build.0 = Debug|Any CPU
		{1F032978-3896-F537-6290-07E1738D845B}.Release|Any CPU.ActiveCfg = Release|Any CPU
		{1F032978-3896-F537-6290-07E1738D845B}.Release|Any CPU.Build.0 = Release|Any CPU
		{23DA806A-3F4D-6968-B5E9-0AFAD04E1F4F}.Debug|Any CPU.ActiveCfg = Debug|Any CPU
		{23DA806A-3F4D-6968-B5E9-0AFAD04E1F4F}.Debug|Any CPU.Build.0 = Debug|Any CPU
		{23DA806A-3F4D-6968-B5E9-0AFAD04E1F4F}.Release|Any CPU.ActiveCfg = Release|Any CPU
		{23DA806A-3F4D-6968-B5E9-0AFAD04E1F4F}.Release|Any CPU.Build.0 = Release|Any CPU
		{005735E3-0835-F399-04E4-43DBD30FC8F7}.Debug|Any CPU.ActiveCfg = Debug|Any CPU
		{005735E3-0835-F399-04E4-43DBD30FC8F7}.Debug|Any CPU.Build.0 = Debug|Any CPU
		{005735E3-0835-F399-04E4-43DBD30FC8F7}.Release|Any CPU.ActiveCfg = Release|Any CPU
		{005735E3-0835-F399-04E4-43DBD30FC8F7}.Release|Any CPU.Build.0 = Release|Any CPU
		{9B4B5DE4-A922-12D9-FE0A-3BF89D7F93E3}.Debug|Any CPU.ActiveCfg = Debug|Any CPU
		{9B4B5DE4-A922-12D9-FE0A-3BF89D7F93E3}.Debug|Any CPU.Build.0 = Debug|Any CPU
		{9B4B5DE4-A922-12D9-FE0A-3BF89D7F93E3}.Release|Any CPU.ActiveCfg = Release|Any CPU
		{9B4B5DE4-A922-12D9-FE0A-3BF89D7F93E3}.Release|Any CPU.Build.0 = Release|Any CPU
		{56DB19A5-012A-0774-3C0E-5D6444D956EC}.Debug|Any CPU.ActiveCfg = Debug|Any CPU
		{56DB19A5-012A-0774-3C0E-5D6444D956EC}.Debug|Any CPU.Build.0 = Debug|Any CPU
		{56DB19A5-012A-0774-3C0E-5D6444D956EC}.Release|Any CPU.ActiveCfg = Release|Any CPU
		{56DB19A5-012A-0774-3C0E-5D6444D956EC}.Release|Any CPU.Build.0 = Release|Any CPU
		{6D1CE9C2-5017-8851-E087-926682A34C31}.Debug|Any CPU.ActiveCfg = Debug|Any CPU
		{6D1CE9C2-5017-8851-E087-926682A34C31}.Debug|Any CPU.Build.0 = Debug|Any CPU
		{6D1CE9C2-5017-8851-E087-926682A34C31}.Release|Any CPU.ActiveCfg = Release|Any CPU
		{6D1CE9C2-5017-8851-E087-926682A34C31}.Release|Any CPU.Build.0 = Release|Any CPU
		{7211D90C-EB83-39B9-6684-EFE6C373BC73}.Debug|Any CPU.ActiveCfg = Debug|Any CPU
		{7211D90C-EB83-39B9-6684-EFE6C373BC73}.Debug|Any CPU.Build.0 = Debug|Any CPU
		{7211D90C-EB83-39B9-6684-EFE6C373BC73}.Release|Any CPU.ActiveCfg = Release|Any CPU
		{7211D90C-EB83-39B9-6684-EFE6C373BC73}.Release|Any CPU.Build.0 = Release|Any CPU
	EndGlobalSection
	GlobalSection(SolutionProperties) = preSolution
		HideSolutionNode = FALSE
	EndGlobalSection
EndGlobal
